
Microsoft Visual Studio Solution File, Format Version 12.00
# Visual Studio 15
VisualStudioVersion = 15.0.28010.2041
MinimumVisualStudioVersion = 10.0.40219.1
Project("{D2ABAB84-BF74-430A-B69E-9DC6D40DDA17}") = "Energy_Cube", "Energy_Cube\Energy_Cube.dwproj", "{4064D7AA-BC90-4B57-A3F8-685B2C2E71B5}"
EndProject
Global
	GlobalSection(SolutionConfigurationPlatforms) = preSolution
		Development|Default = Development|Default
	EndGlobalSection
	GlobalSection(ProjectConfigurationPlatforms) = postSolution
		{4064D7AA-BC90-4B57-A3F8-685B2C2E71B5}.Development|Default.ActiveCfg = Development
		{4064D7AA-BC90-4B57-A3F8-685B2C2E71B5}.Development|Default.Build.0 = Development
		{4064D7AA-BC90-4B57-A3F8-685B2C2E71B5}.Development|Default.Deploy.0 = Development
	EndGlobalSection
	GlobalSection(SolutionProperties) = preSolution
		HideSolutionNode = FALSE
	EndGlobalSection
	GlobalSection(ExtensibilityGlobals) = postSolution
		SolutionGuid = {D6901616-C0C5-415E-B08E-30C18DE156F4}
	EndGlobalSection
EndGlobal
